<Solution>
  <Folder Name="/examples/">
    <Project Path="examples/ZF Linux/ZF Linux.csproj" />
    <Project Path="examples/ZF Win/ZF Win.csproj" />
  </Folder>
  <Folder Name="/src/">
    <Project Path="src/ZeppelinForms.Analyzers/ZeppelinForms.Analyzers.csproj" />
    <Project Path="src/ZeppelinForms.Linux/ZeppelinForms.Linux.csproj" />
    <Project Path="src/ZeppelinForms.Skia/ZeppelinForms.Skia.csproj" />
    <Project Path="src/ZeppelinForms.Windows/ZeppelinForms.Windows.csproj" />
    <Project Path="src/ZeppelinForms/ZeppelinForms.csproj" />
  </Folder>
  <Folder Name="/tests/">
    <Project Path="tests/ZeppelinForms.UnitTests/ZeppelinForms.UnitTests.csproj" />
  </Folder>
</Solution>
