<Solution>
  <Folder Name="/.github/" />
  <Folder Name="/.github/workflows/">
    <File Path=".github/workflows/ci.yml" />
    <File Path=".github/workflows/release.yml" />
  </Folder>
  <Folder Name="/examples/">
    <Project Path="examples/ZF Linux/ZF Linux.csproj" />
    <Project Path="examples/ZF Win/ZF Win.csproj" />
  </Folder>
  <Folder Name="/src/">
    <Project Path="src/ZeppelinForms.Analyzers/ZeppelinForms.Analyzers.csproj" />
    <Project Path="src/ZeppelinForms.Linux/ZeppelinForms.Linux.csproj" />
    <Project Path="src/ZeppelinForms.Skia/ZeppelinForms.Skia.csproj" />
    <Project Path="src/ZeppelinForms.Windows/ZeppelinForms.Windows.csproj" />
    <Project Path="src/ZeppelinForms/ZeppelinForms.csproj" />
  </Folder>
  <Folder Name="/tests/">
    <Project Path="tests/ZeppelinForms.UnitTests/ZeppelinForms.UnitTests.csproj" />
  </Folder>
  <Folder Name="/Элементы решения/">
    <File Path=".gitattributes" />
    <File Path="CHANGELOG.md" />
    <File Path="Directory.Build.props" />
    <File Path="global.json" />
    <File Path="LICENSE.txt" />
    <File Path="README.md" />
    <File Path="ZF_medium.png" />
  </Folder>
</Solution>
